// !$*UTF8*$!
{
	archiveVersion = 1;
	classes = {
	};
	objectVersion = 55;
	objects = {

/* Begin PBXBuildFile section */
		AC34B352294082EC0029479C /* GetFilesListOfDirectoryView.swift in Sources */ = {isa = PBXBuildFile; fileRef = AC34B351294082EC0029479C /* GetFilesListOfDirectoryView.swift */; };
		AC34B3542940DE9D0029479C /* MonitorAndGetSourceFilesView.swift in Sources */ = {isa = PBXBuildFile; fileRef = AC34B3532940DE9D0029479C /* MonitorAndGetSourceFilesView.swift */; };
		AC34B35C2940FBE30029479C /* MonitorView.swift in Sources */ = {isa = PBXBuildFile; fileRef = AC34B35B2940FBE30029479C /* MonitorView.swift */; };
		AC34B35E2940FBFB0029479C /* BuildFileMonitor.swift in Sources */ = {isa = PBXBuildFile; fileRef = AC34B35D2940FBFB0029479C /* BuildFileMonitor.swift */; };
		AC34B36429448C180029479C /* OptionalTypeKind.swift in Sources */ = {isa = PBXBuildFile; fileRef = AC34B36329448C180029479C /* OptionalTypeKind.swift */; };
		AC34B3662945035C0029479C /* GenericHolder.swift in Sources */ = {isa = PBXBuildFile; fileRef = AC34B3652945035C0029479C /* GenericHolder.swift */; };
		AC34B3682945B9F70029479C /* TypealiasHolder.swift in Sources */ = {isa = PBXBuildFile; fileRef = AC34B3672945B9F70029479C /* TypealiasHolder.swift */; };
		AC34B36B2946F4890029479C /* StructHolderToStringConverter.swift in Sources */ = {isa = PBXBuildFile; fileRef = AC34B36A2946F4890029479C /* StructHolderToStringConverter.swift */; };
		AC34B36E2946F54F0029479C /* ConvertedToStringStructHolder.swift in Sources */ = {isa = PBXBuildFile; fileRef = AC34B36D2946F54F0029479C /* ConvertedToStringStructHolder.swift */; };
		AC34B3702946F8730029479C /* ConvertedToStringClassHolder.swift in Sources */ = {isa = PBXBuildFile; fileRef = AC34B36F2946F8730029479C /* ConvertedToStringClassHolder.swift */; };
		AC34B3722946F87E0029479C /* ConvertedToStringEnumHolder.swift in Sources */ = {isa = PBXBuildFile; fileRef = AC34B3712946F87E0029479C /* ConvertedToStringEnumHolder.swift */; };
		AC34B3742946F8E50029479C /* ConvertedToStringExtensionHolder.swift in Sources */ = {isa = PBXBuildFile; fileRef = AC34B3732946F8E50029479C /* ConvertedToStringExtensionHolder.swift */; };
		AC34B376294791270029479C /* GenericHolderToStringConverter.swift in Sources */ = {isa = PBXBuildFile; fileRef = AC34B375294791270029479C /* GenericHolderToStringConverter.swift */; };
		AC34B378294793150029479C /* TypealiasHolderToStringConverter.swift in Sources */ = {isa = PBXBuildFile; fileRef = AC34B377294793150029479C /* TypealiasHolderToStringConverter.swift */; };
		AC34B37A294794830029479C /* InitializerHolderToStringConverter.swift in Sources */ = {isa = PBXBuildFile; fileRef = AC34B379294794830029479C /* InitializerHolderToStringConverter.swift */; };
		AC34B37C294796880029479C /* VariableHolderToStringConverter.swift in Sources */ = {isa = PBXBuildFile; fileRef = AC34B37B294796880029479C /* VariableHolderToStringConverter.swift */; };
		AC34B37E294797E10029479C /* FunctionHolderToStringConverter.swift in Sources */ = {isa = PBXBuildFile; fileRef = AC34B37D294797E10029479C /* FunctionHolderToStringConverter.swift */; };
		AC34B38029479EDB0029479C /* ClassHolderToStringConverter.swift in Sources */ = {isa = PBXBuildFile; fileRef = AC34B37F29479EDB0029479C /* ClassHolderToStringConverter.swift */; };
		AC34B3822947A62C0029479C /* EnumHolderToStringConverter.swift in Sources */ = {isa = PBXBuildFile; fileRef = AC34B3812947A62C0029479C /* EnumHolderToStringConverter.swift */; };
		AC34B3842947B2250029479C /* ExtensionHolderToStringConverter.swift in Sources */ = {isa = PBXBuildFile; fileRef = AC34B3832947B2250029479C /* ExtensionHolderToStringConverter.swift */; };
		AC34B3862947B2510029479C /* ConvertedToStringProtocolHolder.swift in Sources */ = {isa = PBXBuildFile; fileRef = AC34B3852947B2510029479C /* ConvertedToStringProtocolHolder.swift */; };
		AC34B3882947B2760029479C /* ProtocolHolderToStringConverter.swift in Sources */ = {isa = PBXBuildFile; fileRef = AC34B3872947B2760029479C /* ProtocolHolderToStringConverter.swift */; };
		AC34B3912949CB2F0029479C /* ComponentSettingValues.swift in Sources */ = {isa = PBXBuildFile; fileRef = AC34B3902949CB2F0029479C /* ComponentSettingValues.swift */; };
		AC34B3932949CBBA0029479C /* IndexComponentFrame.swift in Sources */ = {isa = PBXBuildFile; fileRef = AC34B3922949CBBA0029479C /* IndexComponentFrame.swift */; };
		AC34B3952949CD070029479C /* IndexComponentFrameWithText.swift in Sources */ = {isa = PBXBuildFile; fileRef = AC34B3942949CD070029479C /* IndexComponentFrameWithText.swift */; };
		AC34B3992949CFE60029479C /* HeaderComponentFrame.swift in Sources */ = {isa = PBXBuildFile; fileRef = AC34B3982949CFE60029479C /* HeaderComponentFrame.swift */; };
		AC34B39B294A1B130029479C /* HeaderComponentFrameWithText.swift in Sources */ = {isa = PBXBuildFile; fileRef = AC34B39A294A1B130029479C /* HeaderComponentFrameWithText.swift */; };
		AC34B39D294A1E1C0029479C /* HeaderComponentView.swift in Sources */ = {isa = PBXBuildFile; fileRef = AC34B39C294A1E1C0029479C /* HeaderComponentView.swift */; };
		AC34B3A0294A24220029479C /* DetailComponentFrame.swift in Sources */ = {isa = PBXBuildFile; fileRef = AC34B39F294A24220029479C /* DetailComponentFrame.swift */; };
		AC34B3A2294A34E80029479C /* DetailComponentView.swift in Sources */ = {isa = PBXBuildFile; fileRef = AC34B3A1294A34E80029479C /* DetailComponentView.swift */; };
		AC34B3A5294A405D0029479C /* StructView.swift in Sources */ = {isa = PBXBuildFile; fileRef = AC34B3A4294A405D0029479C /* StructView.swift */; };
		AC34B3A9294A41F60029479C /* GetTextsMaxWidthView.swift in Sources */ = {isa = PBXBuildFile; fileRef = AC34B3A8294A41F60029479C /* GetTextsMaxWidthView.swift */; };
		AC34B3B0294B154F0029479C /* NestStructView.swift in Sources */ = {isa = PBXBuildFile; fileRef = AC34B3AF294B154F0029479C /* NestStructView.swift */; };
		AC34B3B2294B173C0029479C /* GetTextWidthView.swift in Sources */ = {isa = PBXBuildFile; fileRef = AC34B3B1294B173C0029479C /* GetTextWidthView.swift */; };
		AC34B3B4294B62330029479C /* NestStructFrame.swift in Sources */ = {isa = PBXBuildFile; fileRef = AC34B3B3294B62320029479C /* NestStructFrame.swift */; };
		AC34B3BA294C36810029479C /* NestClassFrame.swift in Sources */ = {isa = PBXBuildFile; fileRef = AC34B3B9294C36810029479C /* NestClassFrame.swift */; };
		AC34B3BC294C374B0029479C /* NestClassView.swift in Sources */ = {isa = PBXBuildFile; fileRef = AC34B3BB294C374B0029479C /* NestClassView.swift */; };
		AC34B3BF294C40030029479C /* NestEnumFrame.swift in Sources */ = {isa = PBXBuildFile; fileRef = AC34B3BE294C40030029479C /* NestEnumFrame.swift */; };
		AC34B3C1294C40A00029479C /* NestEnumView.swift in Sources */ = {isa = PBXBuildFile; fileRef = AC34B3C0294C40A00029479C /* NestEnumView.swift */; };
		AC34B3C4294CAB6F0029479C /* ExtensionFrame.swift in Sources */ = {isa = PBXBuildFile; fileRef = AC34B3C3294CAB6F0029479C /* ExtensionFrame.swift */; };
		AC34B3C6294CAFAC0029479C /* ExtensionView.swift in Sources */ = {isa = PBXBuildFile; fileRef = AC34B3C5294CAFAC0029479C /* ExtensionView.swift */; };
		AC35A68729292A3E00F0FA30 /* TokenVisitor.swift in Sources */ = {isa = PBXBuildFile; fileRef = AC35A68629292A3E00F0FA30 /* TokenVisitor.swift */; };
		AC3BF416292227770096810E /* SwiftDiagramApp.swift in Sources */ = {isa = PBXBuildFile; fileRef = AC3BF415292227770096810E /* SwiftDiagramApp.swift */; };
		AC3BF418292227770096810E /* ContentView.swift in Sources */ = {isa = PBXBuildFile; fileRef = AC3BF417292227770096810E /* ContentView.swift */; };
		AC3BF41A2922277A0096810E /* Assets.xcassets in Resources */ = {isa = PBXBuildFile; fileRef = AC3BF4192922277A0096810E /* Assets.xcassets */; };
		AC3BF41D2922277A0096810E /* Preview Assets.xcassets in Resources */ = {isa = PBXBuildFile; fileRef = AC3BF41C2922277A0096810E /* Preview Assets.xcassets */; };
		AC5BAD1929276B0300A24BDD /* SwiftSyntax in Frameworks */ = {isa = PBXBuildFile; productRef = AC5BAD1829276B0300A24BDD /* SwiftSyntax */; };
		AC5BAD1B29276B0300A24BDD /* SwiftSyntaxBuilder in Frameworks */ = {isa = PBXBuildFile; productRef = AC5BAD1A29276B0300A24BDD /* SwiftSyntaxBuilder */; };
		AC5BAD1D29276B0300A24BDD /* SwiftSyntaxParser in Frameworks */ = {isa = PBXBuildFile; productRef = AC5BAD1C29276B0300A24BDD /* SwiftSyntaxParser */; };
		AC5BAD2229276F5D00A24BDD /* SyntaxTag.swift in Sources */ = {isa = PBXBuildFile; fileRef = AC5BAD2129276F5D00A24BDD /* SyntaxTag.swift */; };
		AC5BAD242927701300A24BDD /* SyntaxNodeType.swift in Sources */ = {isa = PBXBuildFile; fileRef = AC5BAD232927701300A24BDD /* SyntaxNodeType.swift */; };
		AC5BAD26292778CD00A24BDD /* TokenKind.swift in Sources */ = {isa = PBXBuildFile; fileRef = AC5BAD25292778CD00A24BDD /* TokenKind.swift */; };
		AC5BAD282928C78800A24BDD /* TokenVisitorView.swift in Sources */ = {isa = PBXBuildFile; fileRef = AC5BAD272928C78800A24BDD /* TokenVisitorView.swift */; };
		AC5BAD2A2928C7C000A24BDD /* SampleCode.swift in Sources */ = {isa = PBXBuildFile; fileRef = AC5BAD292928C7C000A24BDD /* SampleCode.swift */; };
		AC5BAD2D2928C8F900A24BDD /* CodeScrollView.swift in Sources */ = {isa = PBXBuildFile; fileRef = AC5BAD2C2928C8F900A24BDD /* CodeScrollView.swift */; };
		AC5BAD312928D17F00A24BDD /* TokenVisitorPrinter.swift in Sources */ = {isa = PBXBuildFile; fileRef = AC5BAD302928D17F00A24BDD /* TokenVisitorPrinter.swift */; };
		AC5BAD3329291F9B00A24BDD /* AccessLevel.swift in Sources */ = {isa = PBXBuildFile; fileRef = AC5BAD3229291F9B00A24BDD /* AccessLevel.swift */; };
		AC5F0050293DB582001221C2 /* SyntaxArrayParser.swift in Sources */ = {isa = PBXBuildFile; fileRef = AC5F004F293DB582001221C2 /* SyntaxArrayParser.swift */; };
		AC5F0053293DB794001221C2 /* StructHolder.swift in Sources */ = {isa = PBXBuildFile; fileRef = AC5F0052293DB794001221C2 /* StructHolder.swift */; };
		AC5F0055293DB7A0001221C2 /* ClassHolder.swift in Sources */ = {isa = PBXBuildFile; fileRef = AC5F0054293DB7A0001221C2 /* ClassHolder.swift */; };
		AC5F0057293DB7AE001221C2 /* EnumHolder.swift in Sources */ = {isa = PBXBuildFile; fileRef = AC5F0056293DB7AE001221C2 /* EnumHolder.swift */; };
		AC5F0059293DB7BB001221C2 /* FunctionHolder.swift in Sources */ = {isa = PBXBuildFile; fileRef = AC5F0058293DB7BB001221C2 /* FunctionHolder.swift */; };
		AC5F005B293DB7CA001221C2 /* VariableHolder.swift in Sources */ = {isa = PBXBuildFile; fileRef = AC5F005A293DB7CA001221C2 /* VariableHolder.swift */; };
		AC5F005D293DB7D8001221C2 /* ProtocolHolder.swift in Sources */ = {isa = PBXBuildFile; fileRef = AC5F005C293DB7D8001221C2 /* ProtocolHolder.swift */; };
		AC5F005F293DB7E6001221C2 /* ExtensionHolder.swift in Sources */ = {isa = PBXBuildFile; fileRef = AC5F005E293DB7E6001221C2 /* ExtensionHolder.swift */; };
		AC5F0063293DCAD9001221C2 /* Holder.swift in Sources */ = {isa = PBXBuildFile; fileRef = AC5F0062293DCAD9001221C2 /* Holder.swift */; };
		AC5F0065293DCAE9001221C2 /* TypeHolder.swift in Sources */ = {isa = PBXBuildFile; fileRef = AC5F0064293DCAE9001221C2 /* TypeHolder.swift */; };
		AC5F0067293DCCCC001221C2 /* HaveNameAndAccessLevelHolder.swift in Sources */ = {isa = PBXBuildFile; fileRef = AC5F0066293DCCCC001221C2 /* HaveNameAndAccessLevelHolder.swift */; };
		AC5F0069293DD418001221C2 /* HolderType.swift in Sources */ = {isa = PBXBuildFile; fileRef = AC5F0068293DD418001221C2 /* HolderType.swift */; };
		AC5F006B293E44A0001221C2 /* InitializerHolder.swift in Sources */ = {isa = PBXBuildFile; fileRef = AC5F006A293E44A0001221C2 /* InitializerHolder.swift */; };
		AC5F006F293F1BB5001221C2 /* SyntaxArrayParserView.swift in Sources */ = {isa = PBXBuildFile; fileRef = AC5F006E293F1BB5001221C2 /* SyntaxArrayParserView.swift */; };
		AC5F0071293F7B53001221C2 /* VariableKind.swift in Sources */ = {isa = PBXBuildFile; fileRef = AC5F0070293F7B53001221C2 /* VariableKind.swift */; };
		AC5F0073293F7CCF001221C2 /* HaveTypeHolder.swift in Sources */ = {isa = PBXBuildFile; fileRef = AC5F0072293F7CCF001221C2 /* HaveTypeHolder.swift */; };
		AC5F0075293F80DD001221C2 /* WhomThisTypeAffect.swift in Sources */ = {isa = PBXBuildFile; fileRef = AC5F0074293F80DD001221C2 /* WhomThisTypeAffect.swift */; };
		AC5F007929403272001221C2 /* BuildFileMonitorView.swift in Sources */ = {isa = PBXBuildFile; fileRef = AC5F007829403272001221C2 /* BuildFileMonitorView.swift */; };
		ACC8D714294CBBEF00BA76A9 /* StructDetailView.swift in Sources */ = {isa = PBXBuildFile; fileRef = ACC8D713294CBBEF00BA76A9 /* StructDetailView.swift */; };
		ACC8D71A294EEEC700BA76A9 /* ClassView.swift in Sources */ = {isa = PBXBuildFile; fileRef = ACC8D719294EEEC700BA76A9 /* ClassView.swift */; };
		ACC8D71C294EEED700BA76A9 /* ClassDetailView.swift in Sources */ = {isa = PBXBuildFile; fileRef = ACC8D71B294EEED700BA76A9 /* ClassDetailView.swift */; };
		ACC8D71E294EF12900BA76A9 /* HoldersPropertysPrinter.swift in Sources */ = {isa = PBXBuildFile; fileRef = ACC8D71D294EF12900BA76A9 /* HoldersPropertysPrinter.swift */; };
		ACC8D721294F0F2900BA76A9 /* EnumView.swift in Sources */ = {isa = PBXBuildFile; fileRef = ACC8D720294F0F2900BA76A9 /* EnumView.swift */; };
		ACC8D723294F0F3E00BA76A9 /* EnumDetailView.swift in Sources */ = {isa = PBXBuildFile; fileRef = ACC8D722294F0F3E00BA76A9 /* EnumDetailView.swift */; };
		ACC8D726294F13B100BA76A9 /* ProtocolView.swift in Sources */ = {isa = PBXBuildFile; fileRef = ACC8D725294F13B100BA76A9 /* ProtocolView.swift */; };
		ACC8D728294F13BC00BA76A9 /* ProtocolDetailView.swift in Sources */ = {isa = PBXBuildFile; fileRef = ACC8D727294F13BC00BA76A9 /* ProtocolDetailView.swift */; };
		ACC8D72C294F6AB200BA76A9 /* ExtensionFrameHeightCalculater.swift in Sources */ = {isa = PBXBuildFile; fileRef = ACC8D72B294F6AB200BA76A9 /* ExtensionFrameHeightCalculater.swift */; };
		ACC8D7302950321F00BA76A9 /* DiagramView.swift in Sources */ = {isa = PBXBuildFile; fileRef = ACC8D72F2950321F00BA76A9 /* DiagramView.swift */; };
		ACC8D73229503A7700BA76A9 /* DiagramViewScaler.swift in Sources */ = {isa = PBXBuildFile; fileRef = ACC8D73129503A7700BA76A9 /* DiagramViewScaler.swift */; };
		ACC8D7342950AF4500BA76A9 /* Colors.xcassets in Resources */ = {isa = PBXBuildFile; fileRef = ACC8D7332950AF4500BA76A9 /* Colors.xcassets */; };
		ACC8D7362950CFBD00BA76A9 /* DirectoryHolder.swift in Sources */ = {isa = PBXBuildFile; fileRef = ACC8D7352950CFBD00BA76A9 /* DirectoryHolder.swift */; };
		ACC8D7382950D21F00BA76A9 /* FileChangeMonitor.swift in Sources */ = {isa = PBXBuildFile; fileRef = ACC8D7372950D21F00BA76A9 /* FileChangeMonitor.swift */; };
		ACC8D73A2950D9E500BA76A9 /* FileChangeMonitorView.swift in Sources */ = {isa = PBXBuildFile; fileRef = ACC8D7392950D9E500BA76A9 /* FileChangeMonitorView.swift */; };
		ACC8D73C2951853900BA76A9 /* DependenceHolder.swift in Sources */ = {isa = PBXBuildFile; fileRef = ACC8D73B2951853900BA76A9 /* DependenceHolder.swift */; };
		ACC8D73E29518AAA00BA76A9 /* IgnoreAffectingType.swift in Sources */ = {isa = PBXBuildFile; fileRef = ACC8D73D29518AAA00BA76A9 /* IgnoreAffectingType.swift */; };
/* End PBXBuildFile section */

/* Begin PBXFileReference section */
		AC34B351294082EC0029479C /* GetFilesListOfDirectoryView.swift */ = {isa = PBXFileReference; lastKnownFileType = sourcecode.swift; path = GetFilesListOfDirectoryView.swift; sourceTree = "<group>"; };
		AC34B3532940DE9D0029479C /* MonitorAndGetSourceFilesView.swift */ = {isa = PBXFileReference; lastKnownFileType = sourcecode.swift; path = MonitorAndGetSourceFilesView.swift; sourceTree = "<group>"; };
		AC34B35B2940FBE30029479C /* MonitorView.swift */ = {isa = PBXFileReference; lastKnownFileType = sourcecode.swift; path = MonitorView.swift; sourceTree = "<group>"; };
		AC34B35D2940FBFB0029479C /* BuildFileMonitor.swift */ = {isa = PBXFileReference; lastKnownFileType = sourcecode.swift; path = BuildFileMonitor.swift; sourceTree = "<group>"; };
		AC34B36329448C180029479C /* OptionalTypeKind.swift */ = {isa = PBXFileReference; lastKnownFileType = sourcecode.swift; path = OptionalTypeKind.swift; sourceTree = "<group>"; };
		AC34B3652945035C0029479C /* GenericHolder.swift */ = {isa = PBXFileReference; lastKnownFileType = sourcecode.swift; path = GenericHolder.swift; sourceTree = "<group>"; };
		AC34B3672945B9F70029479C /* TypealiasHolder.swift */ = {isa = PBXFileReference; lastKnownFileType = sourcecode.swift; path = TypealiasHolder.swift; sourceTree = "<group>"; };
		AC34B36A2946F4890029479C /* StructHolderToStringConverter.swift */ = {isa = PBXFileReference; lastKnownFileType = sourcecode.swift; path = StructHolderToStringConverter.swift; sourceTree = "<group>"; };
		AC34B36D2946F54F0029479C /* ConvertedToStringStructHolder.swift */ = {isa = PBXFileReference; lastKnownFileType = sourcecode.swift; path = ConvertedToStringStructHolder.swift; sourceTree = "<group>"; };
		AC34B36F2946F8730029479C /* ConvertedToStringClassHolder.swift */ = {isa = PBXFileReference; lastKnownFileType = sourcecode.swift; path = ConvertedToStringClassHolder.swift; sourceTree = "<group>"; };
		AC34B3712946F87E0029479C /* ConvertedToStringEnumHolder.swift */ = {isa = PBXFileReference; lastKnownFileType = sourcecode.swift; path = ConvertedToStringEnumHolder.swift; sourceTree = "<group>"; };
		AC34B3732946F8E50029479C /* ConvertedToStringExtensionHolder.swift */ = {isa = PBXFileReference; lastKnownFileType = sourcecode.swift; path = ConvertedToStringExtensionHolder.swift; sourceTree = "<group>"; };
		AC34B375294791270029479C /* GenericHolderToStringConverter.swift */ = {isa = PBXFileReference; lastKnownFileType = sourcecode.swift; path = GenericHolderToStringConverter.swift; sourceTree = "<group>"; };
		AC34B377294793150029479C /* TypealiasHolderToStringConverter.swift */ = {isa = PBXFileReference; lastKnownFileType = sourcecode.swift; path = TypealiasHolderToStringConverter.swift; sourceTree = "<group>"; };
		AC34B379294794830029479C /* InitializerHolderToStringConverter.swift */ = {isa = PBXFileReference; lastKnownFileType = sourcecode.swift; path = InitializerHolderToStringConverter.swift; sourceTree = "<group>"; };
		AC34B37B294796880029479C /* VariableHolderToStringConverter.swift */ = {isa = PBXFileReference; lastKnownFileType = sourcecode.swift; path = VariableHolderToStringConverter.swift; sourceTree = "<group>"; };
		AC34B37D294797E10029479C /* FunctionHolderToStringConverter.swift */ = {isa = PBXFileReference; lastKnownFileType = sourcecode.swift; path = FunctionHolderToStringConverter.swift; sourceTree = "<group>"; };
		AC34B37F29479EDB0029479C /* ClassHolderToStringConverter.swift */ = {isa = PBXFileReference; lastKnownFileType = sourcecode.swift; path = ClassHolderToStringConverter.swift; sourceTree = "<group>"; };
		AC34B3812947A62C0029479C /* EnumHolderToStringConverter.swift */ = {isa = PBXFileReference; lastKnownFileType = sourcecode.swift; path = EnumHolderToStringConverter.swift; sourceTree = "<group>"; };
		AC34B3832947B2250029479C /* ExtensionHolderToStringConverter.swift */ = {isa = PBXFileReference; lastKnownFileType = sourcecode.swift; path = ExtensionHolderToStringConverter.swift; sourceTree = "<group>"; };
		AC34B3852947B2510029479C /* ConvertedToStringProtocolHolder.swift */ = {isa = PBXFileReference; lastKnownFileType = sourcecode.swift; path = ConvertedToStringProtocolHolder.swift; sourceTree = "<group>"; };
		AC34B3872947B2760029479C /* ProtocolHolderToStringConverter.swift */ = {isa = PBXFileReference; lastKnownFileType = sourcecode.swift; path = ProtocolHolderToStringConverter.swift; sourceTree = "<group>"; };
		AC34B3902949CB2F0029479C /* ComponentSettingValues.swift */ = {isa = PBXFileReference; lastKnownFileType = sourcecode.swift; path = ComponentSettingValues.swift; sourceTree = "<group>"; };
		AC34B3922949CBBA0029479C /* IndexComponentFrame.swift */ = {isa = PBXFileReference; lastKnownFileType = sourcecode.swift; path = IndexComponentFrame.swift; sourceTree = "<group>"; };
		AC34B3942949CD070029479C /* IndexComponentFrameWithText.swift */ = {isa = PBXFileReference; lastKnownFileType = sourcecode.swift; path = IndexComponentFrameWithText.swift; sourceTree = "<group>"; };
		AC34B3982949CFE60029479C /* HeaderComponentFrame.swift */ = {isa = PBXFileReference; lastKnownFileType = sourcecode.swift; path = HeaderComponentFrame.swift; sourceTree = "<group>"; };
		AC34B39A294A1B130029479C /* HeaderComponentFrameWithText.swift */ = {isa = PBXFileReference; lastKnownFileType = sourcecode.swift; path = HeaderComponentFrameWithText.swift; sourceTree = "<group>"; };
		AC34B39C294A1E1C0029479C /* HeaderComponentView.swift */ = {isa = PBXFileReference; lastKnownFileType = sourcecode.swift; path = HeaderComponentView.swift; sourceTree = "<group>"; };
		AC34B39F294A24220029479C /* DetailComponentFrame.swift */ = {isa = PBXFileReference; lastKnownFileType = sourcecode.swift; path = DetailComponentFrame.swift; sourceTree = "<group>"; };
		AC34B3A1294A34E80029479C /* DetailComponentView.swift */ = {isa = PBXFileReference; lastKnownFileType = sourcecode.swift; path = DetailComponentView.swift; sourceTree = "<group>"; };
		AC34B3A4294A405D0029479C /* StructView.swift */ = {isa = PBXFileReference; lastKnownFileType = sourcecode.swift; path = StructView.swift; sourceTree = "<group>"; };
		AC34B3A8294A41F60029479C /* GetTextsMaxWidthView.swift */ = {isa = PBXFileReference; lastKnownFileType = sourcecode.swift; path = GetTextsMaxWidthView.swift; sourceTree = "<group>"; };
		AC34B3AF294B154F0029479C /* NestStructView.swift */ = {isa = PBXFileReference; lastKnownFileType = sourcecode.swift; path = NestStructView.swift; sourceTree = "<group>"; };
		AC34B3B1294B173C0029479C /* GetTextWidthView.swift */ = {isa = PBXFileReference; lastKnownFileType = sourcecode.swift; path = GetTextWidthView.swift; sourceTree = "<group>"; };
		AC34B3B3294B62320029479C /* NestStructFrame.swift */ = {isa = PBXFileReference; lastKnownFileType = sourcecode.swift; path = NestStructFrame.swift; sourceTree = "<group>"; };
		AC34B3B9294C36810029479C /* NestClassFrame.swift */ = {isa = PBXFileReference; lastKnownFileType = sourcecode.swift; path = NestClassFrame.swift; sourceTree = "<group>"; };
		AC34B3BB294C374B0029479C /* NestClassView.swift */ = {isa = PBXFileReference; lastKnownFileType = sourcecode.swift; path = NestClassView.swift; sourceTree = "<group>"; };
		AC34B3BE294C40030029479C /* NestEnumFrame.swift */ = {isa = PBXFileReference; lastKnownFileType = sourcecode.swift; path = NestEnumFrame.swift; sourceTree = "<group>"; };
		AC34B3C0294C40A00029479C /* NestEnumView.swift */ = {isa = PBXFileReference; lastKnownFileType = sourcecode.swift; path = NestEnumView.swift; sourceTree = "<group>"; };
		AC34B3C3294CAB6F0029479C /* ExtensionFrame.swift */ = {isa = PBXFileReference; lastKnownFileType = sourcecode.swift; path = ExtensionFrame.swift; sourceTree = "<group>"; };
		AC34B3C5294CAFAC0029479C /* ExtensionView.swift */ = {isa = PBXFileReference; lastKnownFileType = sourcecode.swift; path = ExtensionView.swift; sourceTree = "<group>"; };
		AC35A68629292A3E00F0FA30 /* TokenVisitor.swift */ = {isa = PBXFileReference; lastKnownFileType = sourcecode.swift; path = TokenVisitor.swift; sourceTree = "<group>"; };
		AC3BF412292227770096810E /* SwiftDiagram.app */ = {isa = PBXFileReference; explicitFileType = wrapper.application; includeInIndex = 0; path = SwiftDiagram.app; sourceTree = BUILT_PRODUCTS_DIR; };
		AC3BF415292227770096810E /* SwiftDiagramApp.swift */ = {isa = PBXFileReference; lastKnownFileType = sourcecode.swift; path = SwiftDiagramApp.swift; sourceTree = "<group>"; };
		AC3BF417292227770096810E /* ContentView.swift */ = {isa = PBXFileReference; lastKnownFileType = sourcecode.swift; path = ContentView.swift; sourceTree = "<group>"; };
		AC3BF4192922277A0096810E /* Assets.xcassets */ = {isa = PBXFileReference; lastKnownFileType = folder.assetcatalog; path = Assets.xcassets; sourceTree = "<group>"; };
		AC3BF41C2922277A0096810E /* Preview Assets.xcassets */ = {isa = PBXFileReference; lastKnownFileType = folder.assetcatalog; path = "Preview Assets.xcassets"; sourceTree = "<group>"; };
		AC3BF41E2922277A0096810E /* SwiftDiagram.entitlements */ = {isa = PBXFileReference; lastKnownFileType = text.plist.entitlements; path = SwiftDiagram.entitlements; sourceTree = "<group>"; };
		AC5BAD2129276F5D00A24BDD /* SyntaxTag.swift */ = {isa = PBXFileReference; lastKnownFileType = sourcecode.swift; path = SyntaxTag.swift; sourceTree = "<group>"; };
		AC5BAD232927701300A24BDD /* SyntaxNodeType.swift */ = {isa = PBXFileReference; lastKnownFileType = sourcecode.swift; path = SyntaxNodeType.swift; sourceTree = "<group>"; };
		AC5BAD25292778CD00A24BDD /* TokenKind.swift */ = {isa = PBXFileReference; lastKnownFileType = sourcecode.swift; path = TokenKind.swift; sourceTree = "<group>"; };
		AC5BAD272928C78800A24BDD /* TokenVisitorView.swift */ = {isa = PBXFileReference; lastKnownFileType = sourcecode.swift; path = TokenVisitorView.swift; sourceTree = "<group>"; };
		AC5BAD292928C7C000A24BDD /* SampleCode.swift */ = {isa = PBXFileReference; lastKnownFileType = sourcecode.swift; path = SampleCode.swift; sourceTree = "<group>"; };
		AC5BAD2C2928C8F900A24BDD /* CodeScrollView.swift */ = {isa = PBXFileReference; lastKnownFileType = sourcecode.swift; path = CodeScrollView.swift; sourceTree = "<group>"; };
		AC5BAD302928D17F00A24BDD /* TokenVisitorPrinter.swift */ = {isa = PBXFileReference; lastKnownFileType = sourcecode.swift; path = TokenVisitorPrinter.swift; sourceTree = "<group>"; };
		AC5BAD3229291F9B00A24BDD /* AccessLevel.swift */ = {isa = PBXFileReference; lastKnownFileType = sourcecode.swift; path = AccessLevel.swift; sourceTree = "<group>"; };
		AC5F004F293DB582001221C2 /* SyntaxArrayParser.swift */ = {isa = PBXFileReference; lastKnownFileType = sourcecode.swift; path = SyntaxArrayParser.swift; sourceTree = "<group>"; };
		AC5F0052293DB794001221C2 /* StructHolder.swift */ = {isa = PBXFileReference; lastKnownFileType = sourcecode.swift; path = StructHolder.swift; sourceTree = "<group>"; };
		AC5F0054293DB7A0001221C2 /* ClassHolder.swift */ = {isa = PBXFileReference; lastKnownFileType = sourcecode.swift; path = ClassHolder.swift; sourceTree = "<group>"; };
		AC5F0056293DB7AE001221C2 /* EnumHolder.swift */ = {isa = PBXFileReference; lastKnownFileType = sourcecode.swift; path = EnumHolder.swift; sourceTree = "<group>"; };
		AC5F0058293DB7BB001221C2 /* FunctionHolder.swift */ = {isa = PBXFileReference; lastKnownFileType = sourcecode.swift; path = FunctionHolder.swift; sourceTree = "<group>"; };
		AC5F005A293DB7CA001221C2 /* VariableHolder.swift */ = {isa = PBXFileReference; lastKnownFileType = sourcecode.swift; path = VariableHolder.swift; sourceTree = "<group>"; };
		AC5F005C293DB7D8001221C2 /* ProtocolHolder.swift */ = {isa = PBXFileReference; lastKnownFileType = sourcecode.swift; path = ProtocolHolder.swift; sourceTree = "<group>"; };
		AC5F005E293DB7E6001221C2 /* ExtensionHolder.swift */ = {isa = PBXFileReference; lastKnownFileType = sourcecode.swift; path = ExtensionHolder.swift; sourceTree = "<group>"; };
		AC5F0062293DCAD9001221C2 /* Holder.swift */ = {isa = PBXFileReference; lastKnownFileType = sourcecode.swift; path = Holder.swift; sourceTree = "<group>"; };
		AC5F0064293DCAE9001221C2 /* TypeHolder.swift */ = {isa = PBXFileReference; lastKnownFileType = sourcecode.swift; path = TypeHolder.swift; sourceTree = "<group>"; };
		AC5F0066293DCCCC001221C2 /* HaveNameAndAccessLevelHolder.swift */ = {isa = PBXFileReference; lastKnownFileType = sourcecode.swift; path = HaveNameAndAccessLevelHolder.swift; sourceTree = "<group>"; };
		AC5F0068293DD418001221C2 /* HolderType.swift */ = {isa = PBXFileReference; lastKnownFileType = sourcecode.swift; path = HolderType.swift; sourceTree = "<group>"; };
		AC5F006A293E44A0001221C2 /* InitializerHolder.swift */ = {isa = PBXFileReference; lastKnownFileType = sourcecode.swift; path = InitializerHolder.swift; sourceTree = "<group>"; };
		AC5F006E293F1BB5001221C2 /* SyntaxArrayParserView.swift */ = {isa = PBXFileReference; lastKnownFileType = sourcecode.swift; path = SyntaxArrayParserView.swift; sourceTree = "<group>"; };
		AC5F0070293F7B53001221C2 /* VariableKind.swift */ = {isa = PBXFileReference; lastKnownFileType = sourcecode.swift; path = VariableKind.swift; sourceTree = "<group>"; };
		AC5F0072293F7CCF001221C2 /* HaveTypeHolder.swift */ = {isa = PBXFileReference; lastKnownFileType = sourcecode.swift; path = HaveTypeHolder.swift; sourceTree = "<group>"; };
		AC5F0074293F80DD001221C2 /* WhomThisTypeAffect.swift */ = {isa = PBXFileReference; lastKnownFileType = sourcecode.swift; path = WhomThisTypeAffect.swift; sourceTree = "<group>"; };
		AC5F007829403272001221C2 /* BuildFileMonitorView.swift */ = {isa = PBXFileReference; lastKnownFileType = sourcecode.swift; path = BuildFileMonitorView.swift; sourceTree = "<group>"; };
		ACC8D713294CBBEF00BA76A9 /* StructDetailView.swift */ = {isa = PBXFileReference; lastKnownFileType = sourcecode.swift; path = StructDetailView.swift; sourceTree = "<group>"; };
		ACC8D719294EEEC700BA76A9 /* ClassView.swift */ = {isa = PBXFileReference; lastKnownFileType = sourcecode.swift; path = ClassView.swift; sourceTree = "<group>"; };
		ACC8D71B294EEED700BA76A9 /* ClassDetailView.swift */ = {isa = PBXFileReference; lastKnownFileType = sourcecode.swift; path = ClassDetailView.swift; sourceTree = "<group>"; };
		ACC8D71D294EF12900BA76A9 /* HoldersPropertysPrinter.swift */ = {isa = PBXFileReference; lastKnownFileType = sourcecode.swift; path = HoldersPropertysPrinter.swift; sourceTree = "<group>"; };
		ACC8D720294F0F2900BA76A9 /* EnumView.swift */ = {isa = PBXFileReference; lastKnownFileType = sourcecode.swift; path = EnumView.swift; sourceTree = "<group>"; };
		ACC8D722294F0F3E00BA76A9 /* EnumDetailView.swift */ = {isa = PBXFileReference; lastKnownFileType = sourcecode.swift; path = EnumDetailView.swift; sourceTree = "<group>"; };
		ACC8D725294F13B100BA76A9 /* ProtocolView.swift */ = {isa = PBXFileReference; lastKnownFileType = sourcecode.swift; path = ProtocolView.swift; sourceTree = "<group>"; };
		ACC8D727294F13BC00BA76A9 /* ProtocolDetailView.swift */ = {isa = PBXFileReference; lastKnownFileType = sourcecode.swift; path = ProtocolDetailView.swift; sourceTree = "<group>"; };
		ACC8D72B294F6AB200BA76A9 /* ExtensionFrameHeightCalculater.swift */ = {isa = PBXFileReference; lastKnownFileType = sourcecode.swift; path = ExtensionFrameHeightCalculater.swift; sourceTree = "<group>"; };
		ACC8D72F2950321F00BA76A9 /* DiagramView.swift */ = {isa = PBXFileReference; lastKnownFileType = sourcecode.swift; path = DiagramView.swift; sourceTree = "<group>"; };
		ACC8D73129503A7700BA76A9 /* DiagramViewScaler.swift */ = {isa = PBXFileReference; lastKnownFileType = sourcecode.swift; path = DiagramViewScaler.swift; sourceTree = "<group>"; };
		ACC8D7332950AF4500BA76A9 /* Colors.xcassets */ = {isa = PBXFileReference; lastKnownFileType = folder.assetcatalog; path = Colors.xcassets; sourceTree = "<group>"; };
		ACC8D7352950CFBD00BA76A9 /* DirectoryHolder.swift */ = {isa = PBXFileReference; lastKnownFileType = sourcecode.swift; path = DirectoryHolder.swift; sourceTree = "<group>"; };
		ACC8D7372950D21F00BA76A9 /* FileChangeMonitor.swift */ = {isa = PBXFileReference; lastKnownFileType = sourcecode.swift; path = FileChangeMonitor.swift; sourceTree = "<group>"; };
		ACC8D7392950D9E500BA76A9 /* FileChangeMonitorView.swift */ = {isa = PBXFileReference; lastKnownFileType = sourcecode.swift; path = FileChangeMonitorView.swift; sourceTree = "<group>"; };
		ACC8D73B2951853900BA76A9 /* DependenceHolder.swift */ = {isa = PBXFileReference; lastKnownFileType = sourcecode.swift; path = DependenceHolder.swift; sourceTree = "<group>"; };
		ACC8D73D29518AAA00BA76A9 /* IgnoreAffectingType.swift */ = {isa = PBXFileReference; lastKnownFileType = sourcecode.swift; path = IgnoreAffectingType.swift; sourceTree = "<group>"; };
/* End PBXFileReference section */

/* Begin PBXFrameworksBuildPhase section */
		AC3BF40F292227770096810E /* Frameworks */ = {
			isa = PBXFrameworksBuildPhase;
			buildActionMask = 2147483647;
			files = (
				AC5BAD1D29276B0300A24BDD /* SwiftSyntaxParser in Frameworks */,
				AC5BAD1929276B0300A24BDD /* SwiftSyntax in Frameworks */,
				AC5BAD1B29276B0300A24BDD /* SwiftSyntaxBuilder in Frameworks */,
			);
			runOnlyForDeploymentPostprocessing = 0;
		};
/* End PBXFrameworksBuildPhase section */

/* Begin PBXGroup section */
		AC34B3692946F45D0029479C /* HolderToStringConverter */ = {
			isa = PBXGroup;
			children = (
				AC34B36A2946F4890029479C /* StructHolderToStringConverter.swift */,
				AC34B37F29479EDB0029479C /* ClassHolderToStringConverter.swift */,
				AC34B3812947A62C0029479C /* EnumHolderToStringConverter.swift */,
				AC34B3872947B2760029479C /* ProtocolHolderToStringConverter.swift */,
				AC34B3832947B2250029479C /* ExtensionHolderToStringConverter.swift */,
				AC34B375294791270029479C /* GenericHolderToStringConverter.swift */,
				AC34B377294793150029479C /* TypealiasHolderToStringConverter.swift */,
				AC34B379294794830029479C /* InitializerHolderToStringConverter.swift */,
				AC34B37B294796880029479C /* VariableHolderToStringConverter.swift */,
				AC34B37D294797E10029479C /* FunctionHolderToStringConverter.swift */,
			);
			path = HolderToStringConverter;
			sourceTree = "<group>";
		};
		AC34B36C2946F5150029479C /* ConvertedToStringHolder */ = {
			isa = PBXGroup;
			children = (
				AC34B36D2946F54F0029479C /* ConvertedToStringStructHolder.swift */,
				AC34B36F2946F8730029479C /* ConvertedToStringClassHolder.swift */,
				AC34B3712946F87E0029479C /* ConvertedToStringEnumHolder.swift */,
				AC34B3852947B2510029479C /* ConvertedToStringProtocolHolder.swift */,
				AC34B3732946F8E50029479C /* ConvertedToStringExtensionHolder.swift */,
			);
			path = ConvertedToStringHolder;
			sourceTree = "<group>";
		};
		AC34B38E2949CA240029479C /* Components */ = {
			isa = PBXGroup;
			children = (
				AC34B3902949CB2F0029479C /* ComponentSettingValues.swift */,
				AC34B3A8294A41F60029479C /* GetTextsMaxWidthView.swift */,
				AC34B3B1294B173C0029479C /* GetTextWidthView.swift */,
				AC34B38F2949CA450029479C /* HeaderComponent */,
				AC34B39E294A20DB0029479C /* DetailComponent */,
				AC34B3AA294B06190029479C /* NestComponent */,
				AC34B3C2294CAB420029479C /* ExtensionComponent */,
			);
			path = Components;
			sourceTree = "<group>";
		};
		AC34B38F2949CA450029479C /* HeaderComponent */ = {
			isa = PBXGroup;
			children = (
				AC34B3922949CBBA0029479C /* IndexComponentFrame.swift */,
				AC34B3942949CD070029479C /* IndexComponentFrameWithText.swift */,
				AC34B3982949CFE60029479C /* HeaderComponentFrame.swift */,
				AC34B39A294A1B130029479C /* HeaderComponentFrameWithText.swift */,
				AC34B39C294A1E1C0029479C /* HeaderComponentView.swift */,
			);
			path = HeaderComponent;
			sourceTree = "<group>";
		};
		AC34B39E294A20DB0029479C /* DetailComponent */ = {
			isa = PBXGroup;
			children = (
				AC34B39F294A24220029479C /* DetailComponentFrame.swift */,
				AC34B3A1294A34E80029479C /* DetailComponentView.swift */,
			);
			path = DetailComponent;
			sourceTree = "<group>";
		};
		AC34B3A3294A40480029479C /* TypeView */ = {
			isa = PBXGroup;
			children = (
				ACC8D72B294F6AB200BA76A9 /* ExtensionFrameHeightCalculater.swift */,
				ACC8D717294EEE4B00BA76A9 /* Struct */,
				ACC8D718294EEE7900BA76A9 /* Class */,
				ACC8D71F294F0F1100BA76A9 /* Enum */,
				ACC8D724294F138400BA76A9 /* Protocol */,
			);
			path = TypeView;
			sourceTree = "<group>";
		};
		AC34B3AA294B06190029479C /* NestComponent */ = {
			isa = PBXGroup;
			children = (
				AC34B3B7294C36160029479C /* NestStruct */,
				AC34B3B8294C36260029479C /* NestClass */,
				AC34B3BD294C3FEA0029479C /* NestEnum */,
			);
			path = NestComponent;
			sourceTree = "<group>";
		};
		AC34B3B7294C36160029479C /* NestStruct */ = {
			isa = PBXGroup;
			children = (
				AC34B3B3294B62320029479C /* NestStructFrame.swift */,
				AC34B3AF294B154F0029479C /* NestStructView.swift */,
			);
			path = NestStruct;
			sourceTree = "<group>";
		};
		AC34B3B8294C36260029479C /* NestClass */ = {
			isa = PBXGroup;
			children = (
				AC34B3B9294C36810029479C /* NestClassFrame.swift */,
				AC34B3BB294C374B0029479C /* NestClassView.swift */,
			);
			path = NestClass;
			sourceTree = "<group>";
		};
		AC34B3BD294C3FEA0029479C /* NestEnum */ = {
			isa = PBXGroup;
			children = (
				AC34B3BE294C40030029479C /* NestEnumFrame.swift */,
				AC34B3C0294C40A00029479C /* NestEnumView.swift */,
			);
			path = NestEnum;
			sourceTree = "<group>";
		};
		AC34B3C2294CAB420029479C /* ExtensionComponent */ = {
			isa = PBXGroup;
			children = (
				AC34B3C3294CAB6F0029479C /* ExtensionFrame.swift */,
				AC34B3C5294CAFAC0029479C /* ExtensionView.swift */,
			);
			path = ExtensionComponent;
			sourceTree = "<group>";
		};
		AC3BF409292227770096810E = {
			isa = PBXGroup;
			children = (
				AC3BF414292227770096810E /* SwiftDiagram */,
				AC3BF413292227770096810E /* Products */,
			);
			sourceTree = "<group>";
		};
		AC3BF413292227770096810E /* Products */ = {
			isa = PBXGroup;
			children = (
				AC3BF412292227770096810E /* SwiftDiagram.app */,
			);
			name = Products;
			sourceTree = "<group>";
		};
		AC3BF414292227770096810E /* SwiftDiagram */ = {
			isa = PBXGroup;
			children = (
				AC3BF415292227770096810E /* SwiftDiagramApp.swift */,
				AC3BF417292227770096810E /* ContentView.swift */,
				AC5BAD2E2928C9B000A24BDD /* View */,
				AC5BAD1E29276D1D00A24BDD /* Model */,
				AC5BAD2B2928C85F00A24BDD /* Sample */,
				AC5BAD2F2928D14400A24BDD /* Printer */,
				AC3BF4192922277A0096810E /* Assets.xcassets */,
				AC3BF41E2922277A0096810E /* SwiftDiagram.entitlements */,
				AC3BF41B2922277A0096810E /* Preview Content */,
			);
			path = SwiftDiagram;
			sourceTree = "<group>";
		};
		AC3BF41B2922277A0096810E /* Preview Content */ = {
			isa = PBXGroup;
			children = (
				AC3BF41C2922277A0096810E /* Preview Assets.xcassets */,
			);
			path = "Preview Content";
			sourceTree = "<group>";
		};
		AC5BAD1E29276D1D00A24BDD /* Model */ = {
			isa = PBXGroup;
			children = (
				AC5F0051293DB781001221C2 /* Holder */,
				AC34B3692946F45D0029479C /* HolderToStringConverter */,
				AC34B36C2946F5150029479C /* ConvertedToStringHolder */,
				AC5BAD3229291F9B00A24BDD /* AccessLevel.swift */,
				AC5F0074293F80DD001221C2 /* WhomThisTypeAffect.swift */,
				AC35A68629292A3E00F0FA30 /* TokenVisitor.swift */,
				AC34B36329448C180029479C /* OptionalTypeKind.swift */,
				AC5F004F293DB582001221C2 /* SyntaxArrayParser.swift */,
				AC5BAD232927701300A24BDD /* SyntaxNodeType.swift */,
				AC5BAD25292778CD00A24BDD /* TokenKind.swift */,
				AC5BAD2129276F5D00A24BDD /* SyntaxTag.swift */,
				AC34B35D2940FBFB0029479C /* BuildFileMonitor.swift */,
				ACC8D7372950D21F00BA76A9 /* FileChangeMonitor.swift */,
				ACC8D73129503A7700BA76A9 /* DiagramViewScaler.swift */,
				ACC8D71D294EF12900BA76A9 /* HoldersPropertysPrinter.swift */,
				ACC8D73D29518AAA00BA76A9 /* IgnoreAffectingType.swift */,
			);
			path = Model;
			sourceTree = "<group>";
		};
		AC5BAD2B2928C85F00A24BDD /* Sample */ = {
			isa = PBXGroup;
			children = (
				AC5BAD292928C7C000A24BDD /* SampleCode.swift */,
			);
			path = Sample;
			sourceTree = "<group>";
		};
		AC5BAD2E2928C9B000A24BDD /* View */ = {
			isa = PBXGroup;
			children = (
				AC34B38E2949CA240029479C /* Components */,
				AC34B3A3294A40480029479C /* TypeView */,
				AC5BAD272928C78800A24BDD /* TokenVisitorView.swift */,
				AC5F006E293F1BB5001221C2 /* SyntaxArrayParserView.swift */,
				AC5BAD2C2928C8F900A24BDD /* CodeScrollView.swift */,
				AC5F007829403272001221C2 /* BuildFileMonitorView.swift */,
				AC34B351294082EC0029479C /* GetFilesListOfDirectoryView.swift */,
				AC34B3532940DE9D0029479C /* MonitorAndGetSourceFilesView.swift */,
				AC34B35B2940FBE30029479C /* MonitorView.swift */,
				ACC8D72F2950321F00BA76A9 /* DiagramView.swift */,
				ACC8D7392950D9E500BA76A9 /* FileChangeMonitorView.swift */,
				ACC8D7332950AF4500BA76A9 /* Colors.xcassets */,
			);
			path = View;
			sourceTree = "<group>";
		};
		AC5BAD2F2928D14400A24BDD /* Printer */ = {
			isa = PBXGroup;
			children = (
				AC5BAD302928D17F00A24BDD /* TokenVisitorPrinter.swift */,
			);
			path = Printer;
			sourceTree = "<group>";
		};
		AC5F0051293DB781001221C2 /* Holder */ = {
			isa = PBXGroup;
			children = (
				AC5F0068293DD418001221C2 /* HolderType.swift */,
				AC5F0070293F7B53001221C2 /* VariableKind.swift */,
				AC5F0062293DCAD9001221C2 /* Holder.swift */,
				AC5F0066293DCCCC001221C2 /* HaveNameAndAccessLevelHolder.swift */,
				AC5F0072293F7CCF001221C2 /* HaveTypeHolder.swift */,
				AC5F0064293DCAE9001221C2 /* TypeHolder.swift */,
				AC5F0052293DB794001221C2 /* StructHolder.swift */,
				AC5F0054293DB7A0001221C2 /* ClassHolder.swift */,
				AC5F0056293DB7AE001221C2 /* EnumHolder.swift */,
				AC5F005C293DB7D8001221C2 /* ProtocolHolder.swift */,
				AC5F005A293DB7CA001221C2 /* VariableHolder.swift */,
				AC5F0058293DB7BB001221C2 /* FunctionHolder.swift */,
				AC5F006A293E44A0001221C2 /* InitializerHolder.swift */,
				AC34B3652945035C0029479C /* GenericHolder.swift */,
				AC5F005E293DB7E6001221C2 /* ExtensionHolder.swift */,
				AC34B3672945B9F70029479C /* TypealiasHolder.swift */,
				ACC8D7352950CFBD00BA76A9 /* DirectoryHolder.swift */,
				ACC8D73B2951853900BA76A9 /* DependenceHolder.swift */,
			);
			path = Holder;
			sourceTree = "<group>";
		};
		ACC8D717294EEE4B00BA76A9 /* Struct */ = {
			isa = PBXGroup;
			children = (
				AC34B3A4294A405D0029479C /* StructView.swift */,
				ACC8D713294CBBEF00BA76A9 /* StructDetailView.swift */,
			);
			path = Struct;
			sourceTree = "<group>";
		};
		ACC8D718294EEE7900BA76A9 /* Class */ = {
			isa = PBXGroup;
			children = (
				ACC8D719294EEEC700BA76A9 /* ClassView.swift */,
				ACC8D71B294EEED700BA76A9 /* ClassDetailView.swift */,
			);
			path = Class;
			sourceTree = "<group>";
		};
		ACC8D71F294F0F1100BA76A9 /* Enum */ = {
			isa = PBXGroup;
			children = (
				ACC8D720294F0F2900BA76A9 /* EnumView.swift */,
				ACC8D722294F0F3E00BA76A9 /* EnumDetailView.swift */,
			);
			path = Enum;
			sourceTree = "<group>";
		};
		ACC8D724294F138400BA76A9 /* Protocol */ = {
			isa = PBXGroup;
			children = (
				ACC8D725294F13B100BA76A9 /* ProtocolView.swift */,
				ACC8D727294F13BC00BA76A9 /* ProtocolDetailView.swift */,
			);
			path = Protocol;
			sourceTree = "<group>";
		};
/* End PBXGroup section */

/* Begin PBXNativeTarget section */
		AC3BF411292227770096810E /* SwiftDiagram */ = {
			isa = PBXNativeTarget;
			buildConfigurationList = AC3BF4212922277A0096810E /* Build configuration list for PBXNativeTarget "SwiftDiagram" */;
			buildPhases = (
				AC3BF40E292227770096810E /* Sources */,
				AC3BF40F292227770096810E /* Frameworks */,
				AC3BF410292227770096810E /* Resources */,
			);
			buildRules = (
			);
			dependencies = (
			);
			name = SwiftDiagram;
			packageProductDependencies = (
				AC5BAD1829276B0300A24BDD /* SwiftSyntax */,
				AC5BAD1A29276B0300A24BDD /* SwiftSyntaxBuilder */,
				AC5BAD1C29276B0300A24BDD /* SwiftSyntaxParser */,
			);
			productName = SwiftDiagram;
			productReference = AC3BF412292227770096810E /* SwiftDiagram.app */;
			productType = "com.apple.product-type.application";
		};
/* End PBXNativeTarget section */

/* Begin PBXProject section */
		AC3BF40A292227770096810E /* Project object */ = {
			isa = PBXProject;
			attributes = {
				BuildIndependentTargetsInParallel = 1;
				LastSwiftUpdateCheck = 1340;
				LastUpgradeCheck = 1410;
				TargetAttributes = {
					AC3BF411292227770096810E = {
						CreatedOnToolsVersion = 13.4.1;
					};
				};
			};
			buildConfigurationList = AC3BF40D292227770096810E /* Build configuration list for PBXProject "SwiftDiagram" */;
			compatibilityVersion = "Xcode 13.0";
			developmentRegion = en;
			hasScannedForEncodings = 0;
			knownRegions = (
				en,
				Base,
			);
			mainGroup = AC3BF409292227770096810E;
			packageReferences = (
				AC5BAD1729276B0300A24BDD /* XCRemoteSwiftPackageReference "swift-syntax" */,
			);
			productRefGroup = AC3BF413292227770096810E /* Products */;
			projectDirPath = "";
			projectRoot = "";
			targets = (
				AC3BF411292227770096810E /* SwiftDiagram */,
			);
		};
/* End PBXProject section */

/* Begin PBXResourcesBuildPhase section */
		AC3BF410292227770096810E /* Resources */ = {
			isa = PBXResourcesBuildPhase;
			buildActionMask = 2147483647;
			files = (
				ACC8D7342950AF4500BA76A9 /* Colors.xcassets in Resources */,
				AC3BF41D2922277A0096810E /* Preview Assets.xcassets in Resources */,
				AC3BF41A2922277A0096810E /* Assets.xcassets in Resources */,
			);
			runOnlyForDeploymentPostprocessing = 0;
		};
/* End PBXResourcesBuildPhase section */

/* Begin PBXSourcesBuildPhase section */
		AC3BF40E292227770096810E /* Sources */ = {
			isa = PBXSourcesBuildPhase;
			buildActionMask = 2147483647;
			files = (
				ACC8D7302950321F00BA76A9 /* DiagramView.swift in Sources */,
				AC34B3A2294A34E80029479C /* DetailComponentView.swift in Sources */,
				ACC8D71E294EF12900BA76A9 /* HoldersPropertysPrinter.swift in Sources */,
				AC34B3912949CB2F0029479C /* ComponentSettingValues.swift in Sources */,
				ACC8D71C294EEED700BA76A9 /* ClassDetailView.swift in Sources */,
				AC5F0067293DCCCC001221C2 /* HaveNameAndAccessLevelHolder.swift in Sources */,
				ACC8D7382950D21F00BA76A9 /* FileChangeMonitor.swift in Sources */,
				AC5F0057293DB7AE001221C2 /* EnumHolder.swift in Sources */,
				AC5BAD2D2928C8F900A24BDD /* CodeScrollView.swift in Sources */,
				AC34B3992949CFE60029479C /* HeaderComponentFrame.swift in Sources */,
				AC5BAD312928D17F00A24BDD /* TokenVisitorPrinter.swift in Sources */,
				AC34B3742946F8E50029479C /* ConvertedToStringExtensionHolder.swift in Sources */,
				AC5F0065293DCAE9001221C2 /* TypeHolder.swift in Sources */,
				AC34B3B2294B173C0029479C /* GetTextWidthView.swift in Sources */,
				ACC8D7362950CFBD00BA76A9 /* DirectoryHolder.swift in Sources */,
				AC34B3882947B2760029479C /* ProtocolHolderToStringConverter.swift in Sources */,
				ACC8D71A294EEEC700BA76A9 /* ClassView.swift in Sources */,
				AC5F0059293DB7BB001221C2 /* FunctionHolder.swift in Sources */,
				AC34B3A5294A405D0029479C /* StructView.swift in Sources */,
				AC34B3BF294C40030029479C /* NestEnumFrame.swift in Sources */,
				AC34B3B4294B62330029479C /* NestStructFrame.swift in Sources */,
				AC5BAD3329291F9B00A24BDD /* AccessLevel.swift in Sources */,
				AC34B39D294A1E1C0029479C /* HeaderComponentView.swift in Sources */,
				AC34B3842947B2250029479C /* ExtensionHolderToStringConverter.swift in Sources */,
				AC34B376294791270029479C /* GenericHolderToStringConverter.swift in Sources */,
				ACC8D723294F0F3E00BA76A9 /* EnumDetailView.swift in Sources */,
				AC5BAD2A2928C7C000A24BDD /* SampleCode.swift in Sources */,
				AC5F007929403272001221C2 /* BuildFileMonitorView.swift in Sources */,
				AC34B37E294797E10029479C /* FunctionHolderToStringConverter.swift in Sources */,
				ACC8D73C2951853900BA76A9 /* DependenceHolder.swift in Sources */,
				AC34B3702946F8730029479C /* ConvertedToStringClassHolder.swift in Sources */,
				AC34B37C294796880029479C /* VariableHolderToStringConverter.swift in Sources */,
				AC5F0075293F80DD001221C2 /* WhomThisTypeAffect.swift in Sources */,
				AC5F0055293DB7A0001221C2 /* ClassHolder.swift in Sources */,
				AC5F005B293DB7CA001221C2 /* VariableHolder.swift in Sources */,
				AC34B3C1294C40A00029479C /* NestEnumView.swift in Sources */,
				AC5F0073293F7CCF001221C2 /* HaveTypeHolder.swift in Sources */,
				AC34B3862947B2510029479C /* ConvertedToStringProtocolHolder.swift in Sources */,
				AC5F006F293F1BB5001221C2 /* SyntaxArrayParserView.swift in Sources */,
				ACC8D73229503A7700BA76A9 /* DiagramViewScaler.swift in Sources */,
				AC34B37A294794830029479C /* InitializerHolderToStringConverter.swift in Sources */,
				AC3BF418292227770096810E /* ContentView.swift in Sources */,
				AC34B3722946F87E0029479C /* ConvertedToStringEnumHolder.swift in Sources */,
				AC5F0071293F7B53001221C2 /* VariableKind.swift in Sources */,
				AC34B3A9294A41F60029479C /* GetTextsMaxWidthView.swift in Sources */,
				AC34B3822947A62C0029479C /* EnumHolderToStringConverter.swift in Sources */,
				AC5F005D293DB7D8001221C2 /* ProtocolHolder.swift in Sources */,
				AC34B378294793150029479C /* TypealiasHolderToStringConverter.swift in Sources */,
				ACC8D728294F13BC00BA76A9 /* ProtocolDetailView.swift in Sources */,
				AC5BAD26292778CD00A24BDD /* TokenKind.swift in Sources */,
				AC5BAD2229276F5D00A24BDD /* SyntaxTag.swift in Sources */,
				AC5F006B293E44A0001221C2 /* InitializerHolder.swift in Sources */,
				ACC8D72C294F6AB200BA76A9 /* ExtensionFrameHeightCalculater.swift in Sources */,
				AC5F0053293DB794001221C2 /* StructHolder.swift in Sources */,
				AC34B3B0294B154F0029479C /* NestStructView.swift in Sources */,
				AC34B3A0294A24220029479C /* DetailComponentFrame.swift in Sources */,
				AC3BF416292227770096810E /* SwiftDiagramApp.swift in Sources */,
				AC34B3C6294CAFAC0029479C /* ExtensionView.swift in Sources */,
				AC5BAD242927701300A24BDD /* SyntaxNodeType.swift in Sources */,
				AC34B3932949CBBA0029479C /* IndexComponentFrame.swift in Sources */,
				AC34B38029479EDB0029479C /* ClassHolderToStringConverter.swift in Sources */,
				AC5F0050293DB582001221C2 /* SyntaxArrayParser.swift in Sources */,
				ACC8D714294CBBEF00BA76A9 /* StructDetailView.swift in Sources */,
				AC34B39B294A1B130029479C /* HeaderComponentFrameWithText.swift in Sources */,
				AC5F0069293DD418001221C2 /* HolderType.swift in Sources */,
				ACC8D726294F13B100BA76A9 /* ProtocolView.swift in Sources */,
				AC34B3BA294C36810029479C /* NestClassFrame.swift in Sources */,
				ACC8D721294F0F2900BA76A9 /* EnumView.swift in Sources */,
				ACC8D73A2950D9E500BA76A9 /* FileChangeMonitorView.swift in Sources */,
				ACC8D73E29518AAA00BA76A9 /* IgnoreAffectingType.swift in Sources */,
				AC34B36E2946F54F0029479C /* ConvertedToStringStructHolder.swift in Sources */,
				AC34B35C2940FBE30029479C /* MonitorView.swift in Sources */,
				AC34B3682945B9F70029479C /* TypealiasHolder.swift in Sources */,
				AC34B3662945035C0029479C /* GenericHolder.swift in Sources */,
				AC34B352294082EC0029479C /* GetFilesListOfDirectoryView.swift in Sources */,
				AC34B3C4294CAB6F0029479C /* ExtensionFrame.swift in Sources */,
				AC5BAD282928C78800A24BDD /* TokenVisitorView.swift in Sources */,
				AC35A68729292A3E00F0FA30 /* TokenVisitor.swift in Sources */,
				AC5F005F293DB7E6001221C2 /* ExtensionHolder.swift in Sources */,
				AC34B3BC294C374B0029479C /* NestClassView.swift in Sources */,
				AC5F0063293DCAD9001221C2 /* Holder.swift in Sources */,
				AC34B3542940DE9D0029479C /* MonitorAndGetSourceFilesView.swift in Sources */,
				AC34B36B2946F4890029479C /* StructHolderToStringConverter.swift in Sources */,
				AC34B3952949CD070029479C /* IndexComponentFrameWithText.swift in Sources */,
				AC34B36429448C180029479C /* OptionalTypeKind.swift in Sources */,
				AC34B35E2940FBFB0029479C /* BuildFileMonitor.swift in Sources */,
			);
			runOnlyForDeploymentPostprocessing = 0;
		};
/* End PBXSourcesBuildPhase section */

/* Begin XCBuildConfiguration section */
		AC3BF41F2922277A0096810E /* Debug */ = {
			isa = XCBuildConfiguration;
			buildSettings = {
				ALWAYS_SEARCH_USER_PATHS = NO;
				CLANG_ANALYZER_NONNULL = YES;
				CLANG_ANALYZER_NUMBER_OBJECT_CONVERSION = YES_AGGRESSIVE;
				CLANG_CXX_LANGUAGE_STANDARD = "gnu++17";
				CLANG_ENABLE_MODULES = YES;
				CLANG_ENABLE_OBJC_ARC = YES;
				CLANG_ENABLE_OBJC_WEAK = YES;
				CLANG_WARN_BLOCK_CAPTURE_AUTORELEASING = YES;
				CLANG_WARN_BOOL_CONVERSION = YES;
				CLANG_WARN_COMMA = YES;
				CLANG_WARN_CONSTANT_CONVERSION = YES;
				CLANG_WARN_DEPRECATED_OBJC_IMPLEMENTATIONS = YES;
				CLANG_WARN_DIRECT_OBJC_ISA_USAGE = YES_ERROR;
				CLANG_WARN_DOCUMENTATION_COMMENTS = YES;
				CLANG_WARN_EMPTY_BODY = YES;
				CLANG_WARN_ENUM_CONVERSION = YES;
				CLANG_WARN_INFINITE_RECURSION = YES;
				CLANG_WARN_INT_CONVERSION = YES;
				CLANG_WARN_NON_LITERAL_NULL_CONVERSION = YES;
				CLANG_WARN_OBJC_IMPLICIT_RETAIN_SELF = YES;
				CLANG_WARN_OBJC_LITERAL_CONVERSION = YES;
				CLANG_WARN_OBJC_ROOT_CLASS = YES_ERROR;
				CLANG_WARN_QUOTED_INCLUDE_IN_FRAMEWORK_HEADER = YES;
				CLANG_WARN_RANGE_LOOP_ANALYSIS = YES;
				CLANG_WARN_STRICT_PROTOTYPES = YES;
				CLANG_WARN_SUSPICIOUS_MOVE = YES;
				CLANG_WARN_UNGUARDED_AVAILABILITY = YES_AGGRESSIVE;
				CLANG_WARN_UNREACHABLE_CODE = YES;
				CLANG_WARN__DUPLICATE_METHOD_MATCH = YES;
				COPY_PHASE_STRIP = NO;
				DEAD_CODE_STRIPPING = YES;
				DEBUG_INFORMATION_FORMAT = dwarf;
				ENABLE_STRICT_OBJC_MSGSEND = YES;
				ENABLE_TESTABILITY = YES;
				GCC_C_LANGUAGE_STANDARD = gnu11;
				GCC_DYNAMIC_NO_PIC = NO;
				GCC_NO_COMMON_BLOCKS = YES;
				GCC_OPTIMIZATION_LEVEL = 0;
				GCC_PREPROCESSOR_DEFINITIONS = (
					"DEBUG=1",
					"$(inherited)",
				);
				GCC_WARN_64_TO_32_BIT_CONVERSION = YES;
				GCC_WARN_ABOUT_RETURN_TYPE = YES_ERROR;
				GCC_WARN_UNDECLARED_SELECTOR = YES;
				GCC_WARN_UNINITIALIZED_AUTOS = YES_AGGRESSIVE;
				GCC_WARN_UNUSED_FUNCTION = YES;
				GCC_WARN_UNUSED_VARIABLE = YES;
				MACOSX_DEPLOYMENT_TARGET = 13.0;
				MTL_ENABLE_DEBUG_INFO = INCLUDE_SOURCE;
				MTL_FAST_MATH = YES;
				ONLY_ACTIVE_ARCH = YES;
				SDKROOT = macosx;
				SWIFT_ACTIVE_COMPILATION_CONDITIONS = DEBUG;
				SWIFT_OPTIMIZATION_LEVEL = "-Onone";
			};
			name = Debug;
		};
		AC3BF4202922277A0096810E /* Release */ = {
			isa = XCBuildConfiguration;
			buildSettings = {
				ALWAYS_SEARCH_USER_PATHS = NO;
				CLANG_ANALYZER_NONNULL = YES;
				CLANG_ANALYZER_NUMBER_OBJECT_CONVERSION = YES_AGGRESSIVE;
				CLANG_CXX_LANGUAGE_STANDARD = "gnu++17";
				CLANG_ENABLE_MODULES = YES;
				CLANG_ENABLE_OBJC_ARC = YES;
				CLANG_ENABLE_OBJC_WEAK = YES;
				CLANG_WARN_BLOCK_CAPTURE_AUTORELEASING = YES;
				CLANG_WARN_BOOL_CONVERSION = YES;
				CLANG_WARN_COMMA = YES;
				CLANG_WARN_CONSTANT_CONVERSION = YES;
				CLANG_WARN_DEPRECATED_OBJC_IMPLEMENTATIONS = YES;
				CLANG_WARN_DIRECT_OBJC_ISA_USAGE = YES_ERROR;
				CLANG_WARN_DOCUMENTATION_COMMENTS = YES;
				CLANG_WARN_EMPTY_BODY = YES;
				CLANG_WARN_ENUM_CONVERSION = YES;
				CLANG_WARN_INFINITE_RECURSION = YES;
				CLANG_WARN_INT_CONVERSION = YES;
				CLANG_WARN_NON_LITERAL_NULL_CONVERSION = YES;
				CLANG_WARN_OBJC_IMPLICIT_RETAIN_SELF = YES;
				CLANG_WARN_OBJC_LITERAL_CONVERSION = YES;
				CLANG_WARN_OBJC_ROOT_CLASS = YES_ERROR;
				CLANG_WARN_QUOTED_INCLUDE_IN_FRAMEWORK_HEADER = YES;
				CLANG_WARN_RANGE_LOOP_ANALYSIS = YES;
				CLANG_WARN_STRICT_PROTOTYPES = YES;
				CLANG_WARN_SUSPICIOUS_MOVE = YES;
				CLANG_WARN_UNGUARDED_AVAILABILITY = YES_AGGRESSIVE;
				CLANG_WARN_UNREACHABLE_CODE = YES;
				CLANG_WARN__DUPLICATE_METHOD_MATCH = YES;
				COPY_PHASE_STRIP = NO;
				DEAD_CODE_STRIPPING = YES;
				DEBUG_INFORMATION_FORMAT = "dwarf-with-dsym";
				ENABLE_NS_ASSERTIONS = NO;
				ENABLE_STRICT_OBJC_MSGSEND = YES;
				GCC_C_LANGUAGE_STANDARD = gnu11;
				GCC_NO_COMMON_BLOCKS = YES;
				GCC_WARN_64_TO_32_BIT_CONVERSION = YES;
				GCC_WARN_ABOUT_RETURN_TYPE = YES_ERROR;
				GCC_WARN_UNDECLARED_SELECTOR = YES;
				GCC_WARN_UNINITIALIZED_AUTOS = YES_AGGRESSIVE;
				GCC_WARN_UNUSED_FUNCTION = YES;
				GCC_WARN_UNUSED_VARIABLE = YES;
				MACOSX_DEPLOYMENT_TARGET = 13.0;
				MTL_ENABLE_DEBUG_INFO = NO;
				MTL_FAST_MATH = YES;
				SDKROOT = macosx;
				SWIFT_COMPILATION_MODE = wholemodule;
				SWIFT_OPTIMIZATION_LEVEL = "-O";
			};
			name = Release;
		};
		AC3BF4222922277A0096810E /* Debug */ = {
			isa = XCBuildConfiguration;
			buildSettings = {
				ASSETCATALOG_COMPILER_APPICON_NAME = AppIcon;
				ASSETCATALOG_COMPILER_GLOBAL_ACCENT_COLOR_NAME = AccentColor;
				CODE_SIGN_ENTITLEMENTS = SwiftDiagram/SwiftDiagram.entitlements;
				CODE_SIGN_IDENTITY = "-";
				CODE_SIGN_STYLE = Automatic;
				COMBINE_HIDPI_IMAGES = YES;
				CURRENT_PROJECT_VERSION = 1;
				DEAD_CODE_STRIPPING = YES;
				DEVELOPMENT_ASSET_PATHS = "\"SwiftDiagram/Preview Content\"";
				ENABLE_PREVIEWS = YES;
				GENERATE_INFOPLIST_FILE = YES;
				INFOPLIST_KEY_NSHumanReadableCopyright = "";
				LD_RUNPATH_SEARCH_PATHS = (
					"$(inherited)",
					"@executable_path/../Frameworks",
				);
				MARKETING_VERSION = 1.0;
				PRODUCT_BUNDLE_IDENTIFIER = com.gmail.haloupgarou.SwiftDiagram;
				PRODUCT_NAME = "$(TARGET_NAME)";
				SWIFT_EMIT_LOC_STRINGS = YES;
				SWIFT_VERSION = 5.0;
			};
			name = Debug;
		};
		AC3BF4232922277A0096810E /* Release */ = {
			isa = XCBuildConfiguration;
			buildSettings = {
				ASSETCATALOG_COMPILER_APPICON_NAME = AppIcon;
				ASSETCATALOG_COMPILER_GLOBAL_ACCENT_COLOR_NAME = AccentColor;
				CODE_SIGN_ENTITLEMENTS = SwiftDiagram/SwiftDiagram.entitlements;
				CODE_SIGN_IDENTITY = "-";
				CODE_SIGN_STYLE = Automatic;
				COMBINE_HIDPI_IMAGES = YES;
				CURRENT_PROJECT_VERSION = 1;
				DEAD_CODE_STRIPPING = YES;
				DEVELOPMENT_ASSET_PATHS = "\"SwiftDiagram/Preview Content\"";
				ENABLE_PREVIEWS = YES;
				GENERATE_INFOPLIST_FILE = YES;
				INFOPLIST_KEY_NSHumanReadableCopyright = "";
				LD_RUNPATH_SEARCH_PATHS = (
					"$(inherited)",
					"@executable_path/../Frameworks",
				);
				MARKETING_VERSION = 1.0;
				PRODUCT_BUNDLE_IDENTIFIER = com.gmail.haloupgarou.SwiftDiagram;
				PRODUCT_NAME = "$(TARGET_NAME)";
				SWIFT_EMIT_LOC_STRINGS = YES;
				SWIFT_VERSION = 5.0;
			};
			name = Release;
		};
/* End XCBuildConfiguration section */

/* Begin XCConfigurationList section */
		AC3BF40D292227770096810E /* Build configuration list for PBXProject "SwiftDiagram" */ = {
			isa = XCConfigurationList;
			buildConfigurations = (
				AC3BF41F2922277A0096810E /* Debug */,
				AC3BF4202922277A0096810E /* Release */,
			);
			defaultConfigurationIsVisible = 0;
			defaultConfigurationName = Release;
		};
		AC3BF4212922277A0096810E /* Build configuration list for PBXNativeTarget "SwiftDiagram" */ = {
			isa = XCConfigurationList;
			buildConfigurations = (
				AC3BF4222922277A0096810E /* Debug */,
				AC3BF4232922277A0096810E /* Release */,
			);
			defaultConfigurationIsVisible = 0;
			defaultConfigurationName = Release;
		};
/* End XCConfigurationList section */

/* Begin XCRemoteSwiftPackageReference section */
		AC5BAD1729276B0300A24BDD /* XCRemoteSwiftPackageReference "swift-syntax" */ = {
			isa = XCRemoteSwiftPackageReference;
			repositoryURL = "https://github.com/apple/swift-syntax";
			requirement = {
				kind = upToNextMajorVersion;
				minimumVersion = 0.50700.1;
			};
		};
/* End XCRemoteSwiftPackageReference section */

/* Begin XCSwiftPackageProductDependency section */
		AC5BAD1829276B0300A24BDD /* SwiftSyntax */ = {
			isa = XCSwiftPackageProductDependency;
			package = AC5BAD1729276B0300A24BDD /* XCRemoteSwiftPackageReference "swift-syntax" */;
			productName = SwiftSyntax;
		};
		AC5BAD1A29276B0300A24BDD /* SwiftSyntaxBuilder */ = {
			isa = XCSwiftPackageProductDependency;
			package = AC5BAD1729276B0300A24BDD /* XCRemoteSwiftPackageReference "swift-syntax" */;
			productName = SwiftSyntaxBuilder;
		};
		AC5BAD1C29276B0300A24BDD /* SwiftSyntaxParser */ = {
			isa = XCSwiftPackageProductDependency;
			package = AC5BAD1729276B0300A24BDD /* XCRemoteSwiftPackageReference "swift-syntax" */;
			productName = SwiftSyntaxParser;
		};
/* End XCSwiftPackageProductDependency section */
	};
	rootObject = AC3BF40A292227770096810E /* Project object */;
}
