{
  "originHash" : "e33d5ec565daa20efb978d9dd2c019d2da2fe8b7bb62710ecfbebc4f65fac696",
  "pins" : [
    {
      "identity" : "swift-syntax",
      "kind" : "remoteSourceControl",
      "location" : "https://github.com/apple/swift-syntax",
      "state" : {
        "branch" : "release/5.8",
        "revision" : "2c49d66d34dfd6f8130afdba889de77504b58ec0"
      }
    }
  ],
  "version" : 3
}
